// !$*UTF8*$!
{
	archiveVersion = 1;
	classes = {
	};
	objectVersion = 46;
	objects = {

/* Begin PBXBuildFile section */
		DE3D0363974C3AA79C97F2E2 /* path_pacman.cpp in Sources */ = {isa = PBXBuildFile; fileRef = DE3D09179A8CB655DF2842C4 /* path_pacman.cpp */; };
		DE3D0688FD5F538DF867DE41 /* Path8.cpp in Sources */ = {isa = PBXBuildFile; fileRef = DE3D0CBF68DF91A4A75D0F4B /* Path8.cpp */; };
		DE3D0D1C4D3CB5874707B084 /* main.cpp in Sources */ = {isa = PBXBuildFile; fileRef = DE3D0DC3743BD87A80C73D4F /* main.cpp */; };
/* End PBXBuildFile section */

/* Begin PBXCopyFilesBuildPhase section */
		DE3D0D5CB4ACEE85F45F152B /* CopyFiles */ = {
			isa = PBXCopyFilesBuildPhase;
			buildActionMask = 2147483647;
			dstPath = /usr/share/man/man1/;
			dstSubfolderSpec = 0;
			files = (
			);
			runOnlyForDeploymentPostprocessing = 1;
		};
/* End PBXCopyFilesBuildPhase section */

/* Begin PBXFileReference section */
		DE3D082F552DD844E9973B16 /* Path8.h */ = {isa = PBXFileReference; fileEncoding = 4; lastKnownFileType = sourcecode.c.h; path = Path8.h; sourceTree = "<group>"; };
		DE3D09179A8CB655DF2842C4 /* path_pacman.cpp */ = {isa = PBXFileReference; fileEncoding = 4; lastKnownFileType = sourcecode.cpp.cpp; path = path_pacman.cpp; sourceTree = "<group>"; };
		DE3D099F36DF5EE7D39F4DB5 /* path_pacman.h */ = {isa = PBXFileReference; fileEncoding = 4; lastKnownFileType = sourcecode.c.h; path = path_pacman.h; sourceTree = "<group>"; };
		DE3D0BB174007188CDA3EB46 /* Nova-Kern */ = {isa = PBXFileReference; explicitFileType = "compiled.mach-o.executable"; includeInIndex = 0; path = "Nova-Kern"; sourceTree = BUILT_PRODUCTS_DIR; };
		DE3D0CBF68DF91A4A75D0F4B /* Path8.cpp */ = {isa = PBXFileReference; fileEncoding = 4; lastKnownFileType = sourcecode.cpp.cpp; path = Path8.cpp; sourceTree = "<group>"; };
		DE3D0DC3743BD87A80C73D4F /* main.cpp */ = {isa = PBXFileReference; lastKnownFileType = sourcecode.cpp.cpp; path = main.cpp; sourceTree = "<group>"; };
		DE3D0DED61BD1E8610FD8412 /* astar.hpp */ = {isa = PBXFileReference; fileEncoding = 4; lastKnownFileType = sourcecode.cpp.h; path = astar.hpp; sourceTree = "<group>"; };
/* End PBXFileReference section */

/* Begin PBXFrameworksBuildPhase section */
		DE3D0B48211B499730D57100 /* Frameworks */ = {
			isa = PBXFrameworksBuildPhase;
			buildActionMask = 2147483647;
			files = (
			);
			runOnlyForDeploymentPostprocessing = 0;
		};
/* End PBXFrameworksBuildPhase section */

/* Begin PBXGroup section */
		DE3D0BA1B7C3A971D06B3F36 /* Nova-Kern */ = {
			isa = PBXGroup;
			children = (
				DE3D0DC3743BD87A80C73D4F /* main.cpp */,
				DE3D0DED61BD1E8610FD8412 /* astar.hpp */,
				DE3D0CBF68DF91A4A75D0F4B /* Path8.cpp */,
				DE3D082F552DD844E9973B16 /* Path8.h */,
				DE3D09179A8CB655DF2842C4 /* path_pacman.cpp */,
				DE3D099F36DF5EE7D39F4DB5 /* path_pacman.h */,
			);
			path = "Nova-Kern";
			sourceTree = "<group>";
		};
		DE3D0CAE723DD92B0894265C = {
			isa = PBXGroup;
			children = (
				DE3D0D499223D33C34426BDC /* Products */,
				DE3D0BA1B7C3A971D06B3F36 /* Nova-Kern */,
			);
			sourceTree = "<group>";
		};
		DE3D0D499223D33C34426BDC /* Products */ = {
			isa = PBXGroup;
			children = (
				DE3D0BB174007188CDA3EB46 /* Nova-Kern */,
			);
			name = Products;
			sourceTree = "<group>";
		};
/* End PBXGroup section */

/* Begin PBXNativeTarget section */
		DE3D03D4BDB03BD9D3B39696 /* Nova-Kern */ = {
			isa = PBXNativeTarget;
			buildConfigurationList = DE3D08D5D3EBE09C8270AF08 /* Build configuration list for PBXNativeTarget "Nova-Kern" */;
			buildPhases = (
				DE3D0A3893E78DF352C90123 /* Sources */,
				DE3D0B48211B499730D57100 /* Frameworks */,
				DE3D0D5CB4ACEE85F45F152B /* CopyFiles */,
			);
			buildRules = (
			);
			dependencies = (
			);
			name = "Nova-Kern";
			productName = "Nova-Kern";
			productReference = DE3D0BB174007188CDA3EB46 /* Nova-Kern */;
			productType = "com.apple.product-type.tool";
		};
/* End PBXNativeTarget section */

/* Begin PBXProject section */
		DE3D073A00F99E8D22755565 /* Project object */ = {
			isa = PBXProject;
			attributes = {
				ORGANIZATIONNAME = Anzalized;
			};
			buildConfigurationList = DE3D0C7966A25E6DA456E044 /* Build configuration list for PBXProject "Nova-Kern" */;
			compatibilityVersion = "Xcode 3.2";
			developmentRegion = English;
			hasScannedForEncodings = 0;
			knownRegions = (
				en,
			);
			mainGroup = DE3D0CAE723DD92B0894265C;
			productRefGroup = DE3D0D499223D33C34426BDC /* Products */;
			projectDirPath = "";
			projectRoot = "";
			targets = (
				DE3D03D4BDB03BD9D3B39696 /* Nova-Kern */,
			);
		};
/* End PBXProject section */

/* Begin PBXSourcesBuildPhase section */
		DE3D0A3893E78DF352C90123 /* Sources */ = {
			isa = PBXSourcesBuildPhase;
			buildActionMask = 2147483647;
			files = (
				DE3D0D1C4D3CB5874707B084 /* main.cpp in Sources */,
				DE3D0688FD5F538DF867DE41 /* Path8.cpp in Sources */,
				DE3D0363974C3AA79C97F2E2 /* path_pacman.cpp in Sources */,
			);
			runOnlyForDeploymentPostprocessing = 0;
		};
/* End PBXSourcesBuildPhase section */

/* Begin XCBuildConfiguration section */
		DE3D018892CF527641F83536 /* Debug */ = {
			isa = XCBuildConfiguration;
			buildSettings = {
				ALWAYS_SEARCH_USER_PATHS = NO;
				CLANG_ANALYZER_NONNULL = YES;
				CLANG_CXX_LANGUAGE_STANDARD = "c++14";
				CLANG_CXX_LIBRARY = "libc++";
				CLANG_ENABLE_MODULES = YES;
				CLANG_ENABLE_OBJC_ARC = YES;
				CLANG_WARN_BOOL_CONVERSION = YES;
				CLANG_WARN_CONSTANT_CONVERSION = YES;
				CLANG_WARN_DIRECT_OBJC_ISA_USAGE = YES_ERROR;
				CLANG_WARN_EMPTY_BODY = YES;
				CLANG_WARN_ENUM_CONVERSION = YES;
				CLANG_WARN_INT_CONVERSION = YES;
				CLANG_WARN_OBJC_ROOT_CLASS = YES_ERROR;
				CLANG_WARN_UNREACHABLE_CODE = YES;
				CLANG_WARN__DUPLICATE_METHOD_MATCH = YES;
				CODE_SIGN_IDENTITY = "-";
				COPY_PHASE_STRIP = NO;
				DEBUG_INFORMATION_FORMAT = dwarf;
				ENABLE_STRICT_OBJC_MSGSEND = YES;
				ENABLE_TESTABILITY = YES;
				GCC_C_LANGUAGE_STANDARD = gnu99;
				GCC_DYNAMIC_NO_PIC = NO;
				GCC_NO_COMMON_BLOCKS = YES;
				GCC_OPTIMIZATION_LEVEL = 0;
				GCC_PREPROCESSOR_DEFINITIONS = (
					"DEBUG=1",
					"$(inherited)",
				);
				GCC_WARN_64_TO_32_BIT_CONVERSION = YES;
				GCC_WARN_ABOUT_RETURN_TYPE = YES_ERROR;
				GCC_WARN_UNDECLARED_SELECTOR = YES;
				GCC_WARN_UNINITIALIZED_AUTOS = YES_AGGRESSIVE;
				GCC_WARN_UNUSED_FUNCTION = YES;
				GCC_WARN_UNUSED_VARIABLE = YES;
				MACOSX_DEPLOYMENT_TARGET = 10.11;
				MTL_ENABLE_DEBUG_INFO = YES;
				ONLY_ACTIVE_ARCH = YES;
				SDKROOT = macosx;
			};
			name = Debug;
		};
		DE3D027BC5FA8B32774735CB /* Release */ = {
			isa = XCBuildConfiguration;
			buildSettings = {
				PRODUCT_NAME = "$(TARGET_NAME)";
			};
			name = Release;
		};
		DE3D0BB94BC0FA7A4AE721C9 /* Debug */ = {
			isa = XCBuildConfiguration;
			buildSettings = {
				PRODUCT_NAME = "$(TARGET_NAME)";
			};
			name = Debug;
		};
		DE3D0EA32FD5232D366A7383 /* Release */ = {
			isa = XCBuildConfiguration;
			buildSettings = {
				ALWAYS_SEARCH_USER_PATHS = NO;
				CLANG_ANALYZER_NONNULL = YES;
				CLANG_CXX_LANGUAGE_STANDARD = "c++14";
				CLANG_CXX_LIBRARY = "libc++";
				CLANG_ENABLE_MODULES = YES;
				CLANG_ENABLE_OBJC_ARC = YES;
				CLANG_WARN_BOOL_CONVERSION = YES;
				CLANG_WARN_CONSTANT_CONVERSION = YES;
				CLANG_WARN_DIRECT_OBJC_ISA_USAGE = YES_ERROR;
				CLANG_WARN_EMPTY_BODY = YES;
				CLANG_WARN_ENUM_CONVERSION = YES;
				CLANG_WARN_INT_CONVERSION = YES;
				CLANG_WARN_OBJC_ROOT_CLASS = YES_ERROR;
				CLANG_WARN_UNREACHABLE_CODE = YES;
				CLANG_WARN__DUPLICATE_METHOD_MATCH = YES;
				CODE_SIGN_IDENTITY = "-";
				COPY_PHASE_STRIP = NO;
				DEBUG_INFORMATION_FORMAT = "dwarf-with-dsym";
				ENABLE_NS_ASSERTIONS = NO;
				ENABLE_STRICT_OBJC_MSGSEND = YES;
				GCC_C_LANGUAGE_STANDARD = gnu99;
				GCC_NO_COMMON_BLOCKS = YES;
				GCC_WARN_64_TO_32_BIT_CONVERSION = YES;
				GCC_WARN_ABOUT_RETURN_TYPE = YES_ERROR;
				GCC_WARN_UNDECLARED_SELECTOR = YES;
				GCC_WARN_UNINITIALIZED_AUTOS = YES_AGGRESSIVE;
				GCC_WARN_UNUSED_FUNCTION = YES;
				GCC_WARN_UNUSED_VARIABLE = YES;
				MACOSX_DEPLOYMENT_TARGET = 10.11;
				MTL_ENABLE_DEBUG_INFO = NO;
				SDKROOT = macosx;
			};
			name = Release;
		};
/* End XCBuildConfiguration section */

/* Begin XCConfigurationList section */
		DE3D08D5D3EBE09C8270AF08 /* Build configuration list for PBXNativeTarget "Nova-Kern" */ = {
			isa = XCConfigurationList;
			buildConfigurations = (
				DE3D0BB94BC0FA7A4AE721C9 /* Debug */,
				DE3D027BC5FA8B32774735CB /* Release */,
			);
			defaultConfigurationIsVisible = 0;
			defaultConfigurationName = Release;
		};
		DE3D0C7966A25E6DA456E044 /* Build configuration list for PBXProject "Nova-Kern" */ = {
			isa = XCConfigurationList;
			buildConfigurations = (
				DE3D018892CF527641F83536 /* Debug */,
				DE3D0EA32FD5232D366A7383 /* Release */,
			);
			defaultConfigurationIsVisible = 0;
			defaultConfigurationName = Release;
		};
/* End XCConfigurationList section */
	};
	rootObject = DE3D073A00F99E8D22755565 /* Project object */;
}
