<?xml version="1.0" encoding="UTF-8"?>
<Scheme
   version = "1.3">
   <BuildAction>
      <BuildActionEntries>
         <BuildActionEntry
            buildForRunning = "YES">
            <BuildableReference
               BuildableIdentifier = "primary"
               BlueprintIdentifier = "DE3D03D4BDB03BD9D3B39696"
               BuildableName = "Nova-Kern"
               BlueprintName = "Nova-Kern"
               ReferencedContainer = "container:Nova-Kern.xcodeproj">
            </BuildableReference>
         </BuildActionEntry>
      </BuildActionEntries>
   </BuildAction>
   <LaunchAction
      useCustomWorkingDirectory = "NO"
      buildConfiguration = "Debug">
      <BuildableProductRunnable>
         <BuildableReference
            BuildableIdentifier = "primary"
            BlueprintIdentifier = "DE3D03D4BDB03BD9D3B39696"
            BuildableName = "Nova-Kern"
            BlueprintName = "Nova-Kern"
            ReferencedContainer = "container:Nova-Kern.xcodeproj">
         </BuildableReference>
      </BuildableProductRunnable>
   </LaunchAction>
</Scheme>
